
Microsoft Visual Studio Solution File, Format Version 12.00
# Visual Studio Version 16
VisualStudioVersion = 16.0.31313.79
MinimumVisualStudioVersion = 10.0.40219.1
Project("{FAE04EC0-301F-11D3-BF4B-00C04F79EFBC}") = "SistemaDeCompras", "SistemaDeCompras\SistemaDeCompras.csproj", "{4AE64632-E90C-4082-A266-1B68F98B1E1E}"
EndProject
Global
	GlobalSection(SolutionConfigurationPlatforms) = preSolution
		Debug|Any CPU = Debug|Any CPU
		Release|Any CPU = Release|Any CPU
	EndGlobalSection
	GlobalSection(ProjectConfigurationPlatforms) = postSolution
		{4AE64632-E90C-4082-A266-1B68F98B1E1E}.Debug|Any CPU.ActiveCfg = Debug|Any CPU
		{4AE64632-E90C-4082-A266-1B68F98B1E1E}.Debug|Any CPU.Build.0 = Debug|Any CPU
		{4AE64632-E90C-4082-A266-1B68F98B1E1E}.Release|Any CPU.ActiveCfg = Release|Any CPU
		{4AE64632-E90C-4082-A266-1B68F98B1E1E}.Release|Any CPU.Build.0 = Release|Any CPU
	EndGlobalSection
	GlobalSection(SolutionProperties) = preSolution
		HideSolutionNode = FALSE
	EndGlobalSection
	GlobalSection(ExtensibilityGlobals) = postSolution
		SolutionGuid = {0C6FC1E2-8B88-4604-8B88-770410F224E6}
	EndGlobalSection
EndGlobal
